// !$*UTF8*$!
{
	archiveVersion = 1;
	classes = {
	};
	objectVersion = 46;
	objects = {

/* Begin PBXBuildFile section */
		5FCA0BB48E7D3CF9E46C71A7 /* Pods_RAC_First.framework in Frameworks */ = {isa = PBXBuildFile; fileRef = C5DCCDC796B5776109C3AB65 /* Pods_RAC_First.framework */; };
		BFCE00281DC1B0E6009E8485 /* main.m in Sources */ = {isa = PBXBuildFile; fileRef = BFCE00271DC1B0E6009E8485 /* main.m */; };
		BFCE002B1DC1B0E6009E8485 /* AppDelegate.m in Sources */ = {isa = PBXBuildFile; fileRef = BFCE002A1DC1B0E6009E8485 /* AppDelegate.m */; };
		BFCE002E1DC1B0E6009E8485 /* ViewController.m in Sources */ = {isa = PBXBuildFile; fileRef = BFCE002D1DC1B0E6009E8485 /* ViewController.m */; };
		BFCE00311DC1B0E6009E8485 /* Main.storyboard in Resources */ = {isa = PBXBuildFile; fileRef = BFCE002F1DC1B0E6009E8485 /* Main.storyboard */; };
		BFCE00331DC1B0E6009E8485 /* Assets.xcassets in Resources */ = {isa = PBXBuildFile; fileRef = BFCE00321DC1B0E6009E8485 /* Assets.xcassets */; };
		BFCE00361DC1B0E6009E8485 /* LaunchScreen.storyboard in Resources */ = {isa = PBXBuildFile; fileRef = BFCE00341DC1B0E6009E8485 /* LaunchScreen.storyboard */; };
		BFCE00411DC1B0E6009E8485 /* RAC_FirstTests.m in Sources */ = {isa = PBXBuildFile; fileRef = BFCE00401DC1B0E6009E8485 /* RAC_FirstTests.m */; };
		BFCE004C1DC1B0E6009E8485 /* RAC_FirstUITests.m in Sources */ = {isa = PBXBuildFile; fileRef = BFCE004B1DC1B0E6009E8485 /* RAC_FirstUITests.m */; };
		BFCE00601DC1B4A0009E8485 /* JMCaculator.m in Sources */ = {isa = PBXBuildFile; fileRef = BFCE005F1DC1B4A0009E8485 /* JMCaculator.m */; };
		BFCE00641DC1D365009E8485 /* JMSecondViewController.m in Sources */ = {isa = PBXBuildFile; fileRef = BFCE00631DC1D365009E8485 /* JMSecondViewController.m */; };
		BFCE00691DC1DE4B009E8485 /* Contact.plist in Resources */ = {isa = PBXBuildFile; fileRef = BFCE00681DC1DE4B009E8485 /* Contact.plist */; };
		BFCE006E1DC1DFEE009E8485 /* JMContactModels.m in Sources */ = {isa = PBXBuildFile; fileRef = BFCE006D1DC1DFEE009E8485 /* JMContactModels.m */; };
		BFCE00721DC1F8AD009E8485 /* JMRedView.m in Sources */ = {isa = PBXBuildFile; fileRef = BFCE00711DC1F8AD009E8485 /* JMRedView.m */; };
/* End PBXBuildFile section */

/* Begin PBXContainerItemProxy section */
		BFCE003D1DC1B0E6009E8485 /* PBXContainerItemProxy */ = {
			isa = PBXContainerItemProxy;
			containerPortal = BFCE001B1DC1B0E6009E8485 /* Project object */;
			proxyType = 1;
			remoteGlobalIDString = BFCE00221DC1B0E6009E8485;
			remoteInfo = RAC_First;
		};
		BFCE00481DC1B0E6009E8485 /* PBXContainerItemProxy */ = {
			isa = PBXContainerItemProxy;
			containerPortal = BFCE001B1DC1B0E6009E8485 /* Project object */;
			proxyType = 1;
			remoteGlobalIDString = BFCE00221DC1B0E6009E8485;
			remoteInfo = RAC_First;
		};
/* End PBXContainerItemProxy section */

/* Begin PBXFileReference section */
		1D61FA8CC79211AD56B768D2 /* Pods-RAC_First.release.xcconfig */ = {isa = PBXFileReference; includeInIndex = 1; lastKnownFileType = text.xcconfig; name = "Pods-RAC_First.release.xcconfig"; path = "Pods/Target Support Files/Pods-RAC_First/Pods-RAC_First.release.xcconfig"; sourceTree = "<group>"; };
		343D55891F34D21487EE0F22 /* Pods-RAC_First.debug.xcconfig */ = {isa = PBXFileReference; includeInIndex = 1; lastKnownFileType = text.xcconfig; name = "Pods-RAC_First.debug.xcconfig"; path = "Pods/Target Support Files/Pods-RAC_First/Pods-RAC_First.debug.xcconfig"; sourceTree = "<group>"; };
		BFCE00231DC1B0E6009E8485 /* RAC_First.app */ = {isa = PBXFileReference; explicitFileType = wrapper.application; includeInIndex = 0; path = RAC_First.app; sourceTree = BUILT_PRODUCTS_DIR; };
		BFCE00271DC1B0E6009E8485 /* main.m */ = {isa = PBXFileReference; lastKnownFileType = sourcecode.c.objc; path = main.m; sourceTree = "<group>"; };
		BFCE00291DC1B0E6009E8485 /* AppDelegate.h */ = {isa = PBXFileReference; lastKnownFileType = sourcecode.c.h; path = AppDelegate.h; sourceTree = "<group>"; };
		BFCE002A1DC1B0E6009E8485 /* AppDelegate.m */ = {isa = PBXFileReference; lastKnownFileType = sourcecode.c.objc; path = AppDelegate.m; sourceTree = "<group>"; };
		BFCE002C1DC1B0E6009E8485 /* ViewController.h */ = {isa = PBXFileReference; lastKnownFileType = sourcecode.c.h; path = ViewController.h; sourceTree = "<group>"; };
		BFCE002D1DC1B0E6009E8485 /* ViewController.m */ = {isa = PBXFileReference; lastKnownFileType = sourcecode.c.objc; path = ViewController.m; sourceTree = "<group>"; };
		BFCE00301DC1B0E6009E8485 /* Base */ = {isa = PBXFileReference; lastKnownFileType = file.storyboard; name = Base; path = Base.lproj/Main.storyboard; sourceTree = "<group>"; };
		BFCE00321DC1B0E6009E8485 /* Assets.xcassets */ = {isa = PBXFileReference; lastKnownFileType = folder.assetcatalog; path = Assets.xcassets; sourceTree = "<group>"; };
		BFCE00351DC1B0E6009E8485 /* Base */ = {isa = PBXFileReference; lastKnownFileType = file.storyboard; name = Base; path = Base.lproj/LaunchScreen.storyboard; sourceTree = "<group>"; };
		BFCE00371DC1B0E6009E8485 /* Info.plist */ = {isa = PBXFileReference; lastKnownFileType = text.plist.xml; path = Info.plist; sourceTree = "<group>"; };
		BFCE003C1DC1B0E6009E8485 /* RAC_FirstTests.xctest */ = {isa = PBXFileReference; explicitFileType = wrapper.cfbundle; includeInIndex = 0; path = RAC_FirstTests.xctest; sourceTree = BUILT_PRODUCTS_DIR; };
		BFCE00401DC1B0E6009E8485 /* RAC_FirstTests.m */ = {isa = PBXFileReference; lastKnownFileType = sourcecode.c.objc; path = RAC_FirstTests.m; sourceTree = "<group>"; };
		BFCE00421DC1B0E6009E8485 /* Info.plist */ = {isa = PBXFileReference; lastKnownFileType = text.plist.xml; path = Info.plist; sourceTree = "<group>"; };
		BFCE00471DC1B0E6009E8485 /* RAC_FirstUITests.xctest */ = {isa = PBXFileReference; explicitFileType = wrapper.cfbundle; includeInIndex = 0; path = RAC_FirstUITests.xctest; sourceTree = BUILT_PRODUCTS_DIR; };
		BFCE004B1DC1B0E6009E8485 /* RAC_FirstUITests.m */ = {isa = PBXFileReference; lastKnownFileType = sourcecode.c.objc; path = RAC_FirstUITests.m; sourceTree = "<group>"; };
		BFCE004D1DC1B0E6009E8485 /* Info.plist */ = {isa = PBXFileReference; lastKnownFileType = text.plist.xml; path = Info.plist; sourceTree = "<group>"; };
		BFCE005E1DC1B4A0009E8485 /* JMCaculator.h */ = {isa = PBXFileReference; fileEncoding = 4; lastKnownFileType = sourcecode.c.h; path = JMCaculator.h; sourceTree = "<group>"; };
		BFCE005F1DC1B4A0009E8485 /* JMCaculator.m */ = {isa = PBXFileReference; fileEncoding = 4; lastKnownFileType = sourcecode.c.objc; path = JMCaculator.m; sourceTree = "<group>"; };
		BFCE00611DC1CD2E009E8485 /* PrefixHeader.pch */ = {isa = PBXFileReference; lastKnownFileType = sourcecode.c.h; path = PrefixHeader.pch; sourceTree = "<group>"; };
		BFCE00621DC1D365009E8485 /* JMSecondViewController.h */ = {isa = PBXFileReference; fileEncoding = 4; lastKnownFileType = sourcecode.c.h; path = JMSecondViewController.h; sourceTree = "<group>"; };
		BFCE00631DC1D365009E8485 /* JMSecondViewController.m */ = {isa = PBXFileReference; fileEncoding = 4; lastKnownFileType = sourcecode.c.objc; path = JMSecondViewController.m; sourceTree = "<group>"; };
		BFCE00681DC1DE4B009E8485 /* Contact.plist */ = {isa = PBXFileReference; fileEncoding = 4; lastKnownFileType = text.plist.xml; path = Contact.plist; sourceTree = "<group>"; };
		BFCE006C1DC1DFEE009E8485 /* JMContactModels.h */ = {isa = PBXFileReference; fileEncoding = 4; lastKnownFileType = sourcecode.c.h; path = JMContactModels.h; sourceTree = "<group>"; };
		BFCE006D1DC1DFEE009E8485 /* JMContactModels.m */ = {isa = PBXFileReference; fileEncoding = 4; lastKnownFileType = sourcecode.c.objc; path = JMContactModels.m; sourceTree = "<group>"; };
		BFCE00701DC1F8AD009E8485 /* JMRedView.h */ = {isa = PBXFileReference; fileEncoding = 4; lastKnownFileType = sourcecode.c.h; path = JMRedView.h; sourceTree = "<group>"; };
		BFCE00711DC1F8AD009E8485 /* JMRedView.m */ = {isa = PBXFileReference; fileEncoding = 4; lastKnownFileType = sourcecode.c.objc; path = JMRedView.m; sourceTree = "<group>"; };
		C5DCCDC796B5776109C3AB65 /* Pods_RAC_First.framework */ = {isa = PBXFileReference; explicitFileType = wrapper.framework; includeInIndex = 0; path = Pods_RAC_First.framework; sourceTree = BUILT_PRODUCTS_DIR; };
/* End PBXFileReference section */

/* Begin PBXFrameworksBuildPhase section */
		BFCE00201DC1B0E6009E8485 /* Frameworks */ = {
			isa = PBXFrameworksBuildPhase;
			buildActionMask = 2147483647;
			files = (
				5FCA0BB48E7D3CF9E46C71A7 /* Pods_RAC_First.framework in Frameworks */,
			);
			runOnlyForDeploymentPostprocessing = 0;
		};
		BFCE00391DC1B0E6009E8485 /* Frameworks */ = {
			isa = PBXFrameworksBuildPhase;
			buildActionMask = 2147483647;
			files = (
			);
			runOnlyForDeploymentPostprocessing = 0;
		};
		BFCE00441DC1B0E6009E8485 /* Frameworks */ = {
			isa = PBXFrameworksBuildPhase;
			buildActionMask = 2147483647;
			files = (
			);
			runOnlyForDeploymentPostprocessing = 0;
		};
/* End PBXFrameworksBuildPhase section */

/* Begin PBXGroup section */
		3A0960B6ABF6FB2F3CEEA977 /* Pods */ = {
			isa = PBXGroup;
			children = (
				343D55891F34D21487EE0F22 /* Pods-RAC_First.debug.xcconfig */,
				1D61FA8CC79211AD56B768D2 /* Pods-RAC_First.release.xcconfig */,
			);
			name = Pods;
			sourceTree = "<group>";
		};
		AEBD4C2F7D44F1AD4A7658E5 /* Frameworks */ = {
			isa = PBXGroup;
			children = (
				C5DCCDC796B5776109C3AB65 /* Pods_RAC_First.framework */,
			);
			name = Frameworks;
			sourceTree = "<group>";
		};
		BFCE001A1DC1B0E6009E8485 = {
			isa = PBXGroup;
			children = (
				BFCE00251DC1B0E6009E8485 /* RAC_First */,
				BFCE003F1DC1B0E6009E8485 /* RAC_FirstTests */,
				BFCE004A1DC1B0E6009E8485 /* RAC_FirstUITests */,
				BFCE00241DC1B0E6009E8485 /* Products */,
				3A0960B6ABF6FB2F3CEEA977 /* Pods */,
				AEBD4C2F7D44F1AD4A7658E5 /* Frameworks */,
			);
			sourceTree = "<group>";
		};
		BFCE00241DC1B0E6009E8485 /* Products */ = {
			isa = PBXGroup;
			children = (
				BFCE00231DC1B0E6009E8485 /* RAC_First.app */,
				BFCE003C1DC1B0E6009E8485 /* RAC_FirstTests.xctest */,
				BFCE00471DC1B0E6009E8485 /* RAC_FirstUITests.xctest */,
			);
			name = Products;
			sourceTree = "<group>";
		};
		BFCE00251DC1B0E6009E8485 /* RAC_First */ = {
			isa = PBXGroup;
			children = (
				BFCE005C1DC1B4A0009E8485 /* Classes */,
				BFCE00291DC1B0E6009E8485 /* AppDelegate.h */,
				BFCE002A1DC1B0E6009E8485 /* AppDelegate.m */,
				BFCE002C1DC1B0E6009E8485 /* ViewController.h */,
				BFCE002D1DC1B0E6009E8485 /* ViewController.m */,
				BFCE00621DC1D365009E8485 /* JMSecondViewController.h */,
				BFCE00631DC1D365009E8485 /* JMSecondViewController.m */,
				BFCE002F1DC1B0E6009E8485 /* Main.storyboard */,
				BFCE00321DC1B0E6009E8485 /* Assets.xcassets */,
				BFCE00341DC1B0E6009E8485 /* LaunchScreen.storyboard */,
				BFCE00371DC1B0E6009E8485 /* Info.plist */,
				BFCE00261DC1B0E6009E8485 /* Supporting Files */,
			);
			path = RAC_First;
			sourceTree = "<group>";
		};
		BFCE00261DC1B0E6009E8485 /* Supporting Files */ = {
			isa = PBXGroup;
			children = (
				BFCE00271DC1B0E6009E8485 /* main.m */,
				BFCE00611DC1CD2E009E8485 /* PrefixHeader.pch */,
			);
			name = "Supporting Files";
			sourceTree = "<group>";
		};
		BFCE003F1DC1B0E6009E8485 /* RAC_FirstTests */ = {
			isa = PBXGroup;
			children = (
				BFCE00401DC1B0E6009E8485 /* RAC_FirstTests.m */,
				BFCE00421DC1B0E6009E8485 /* Info.plist */,
			);
			path = RAC_FirstTests;
			sourceTree = "<group>";
		};
		BFCE004A1DC1B0E6009E8485 /* RAC_FirstUITests */ = {
			isa = PBXGroup;
			children = (
				BFCE004B1DC1B0E6009E8485 /* RAC_FirstUITests.m */,
				BFCE004D1DC1B0E6009E8485 /* Info.plist */,
			);
			path = RAC_FirstUITests;
			sourceTree = "<group>";
		};
		BFCE005C1DC1B4A0009E8485 /* Classes */ = {
			isa = PBXGroup;
			children = (
				BFCE00671DC1DE23009E8485 /* source */,
				BFCE005D1DC1B4A0009E8485 /* 01_caculator */,
				BFCE006B1DC1DFDB009E8485 /* Models */,
				BFCE006F1DC1F89D009E8485 /* Views */,
			);
			path = Classes;
			sourceTree = "<group>";
		};
		BFCE005D1DC1B4A0009E8485 /* 01_caculator */ = {
			isa = PBXGroup;
			children = (
				BFCE005E1DC1B4A0009E8485 /* JMCaculator.h */,
				BFCE005F1DC1B4A0009E8485 /* JMCaculator.m */,
			);
			path = 01_caculator;
			sourceTree = "<group>";
		};
		BFCE00671DC1DE23009E8485 /* source */ = {
			isa = PBXGroup;
			children = (
				BFCE00681DC1DE4B009E8485 /* Contact.plist */,
			);
			path = source;
			sourceTree = "<group>";
		};
		BFCE006B1DC1DFDB009E8485 /* Models */ = {
			isa = PBXGroup;
			children = (
				BFCE006C1DC1DFEE009E8485 /* JMContactModels.h */,
				BFCE006D1DC1DFEE009E8485 /* JMContactModels.m */,
			);
			path = Models;
			sourceTree = "<group>";
		};
		BFCE006F1DC1F89D009E8485 /* Views */ = {
			isa = PBXGroup;
			children = (
				BFCE00701DC1F8AD009E8485 /* JMRedView.h */,
				BFCE00711DC1F8AD009E8485 /* JMRedView.m */,
			);
			path = Views;
			sourceTree = "<group>";
		};
/* End PBXGroup section */

/* Begin PBXNativeTarget section */
		BFCE00221DC1B0E6009E8485 /* RAC_First */ = {
			isa = PBXNativeTarget;
			buildConfigurationList = BFCE00501DC1B0E6009E8485 /* Build configuration list for PBXNativeTarget "RAC_First" */;
			buildPhases = (
				C24C95F21274A78319E5B94E /* [CP] Check Pods Manifest.lock */,
				BFCE001F1DC1B0E6009E8485 /* Sources */,
				BFCE00201DC1B0E6009E8485 /* Frameworks */,
				BFCE00211DC1B0E6009E8485 /* Resources */,
				7A05A38A5FD231523BEAFBD6 /* [CP] Embed Pods Frameworks */,
				235B9726DDA65701C244A45E /* [CP] Copy Pods Resources */,
			);
			buildRules = (
			);
			dependencies = (
			);
			name = RAC_First;
			productName = RAC_First;
			productReference = BFCE00231DC1B0E6009E8485 /* RAC_First.app */;
			productType = "com.apple.product-type.application";
		};
		BFCE003B1DC1B0E6009E8485 /* RAC_FirstTests */ = {
			isa = PBXNativeTarget;
			buildConfigurationList = BFCE00531DC1B0E6009E8485 /* Build configuration list for PBXNativeTarget "RAC_FirstTests" */;
			buildPhases = (
				BFCE00381DC1B0E6009E8485 /* Sources */,
				BFCE00391DC1B0E6009E8485 /* Frameworks */,
				BFCE003A1DC1B0E6009E8485 /* Resources */,
			);
			buildRules = (
			);
			dependencies = (
				BFCE003E1DC1B0E6009E8485 /* PBXTargetDependency */,
			);
			name = RAC_FirstTests;
			productName = RAC_FirstTests;
			productReference = BFCE003C1DC1B0E6009E8485 /* RAC_FirstTests.xctest */;
			productType = "com.apple.product-type.bundle.unit-test";
		};
		BFCE00461DC1B0E6009E8485 /* RAC_FirstUITests */ = {
			isa = PBXNativeTarget;
			buildConfigurationList = BFCE00561DC1B0E6009E8485 /* Build configuration list for PBXNativeTarget "RAC_FirstUITests" */;
			buildPhases = (
				BFCE00431DC1B0E6009E8485 /* Sources */,
				BFCE00441DC1B0E6009E8485 /* Frameworks */,
				BFCE00451DC1B0E6009E8485 /* Resources */,
			);
			buildRules = (
			);
			dependencies = (
				BFCE00491DC1B0E6009E8485 /* PBXTargetDependency */,
			);
			name = RAC_FirstUITests;
			productName = RAC_FirstUITests;
			productReference = BFCE00471DC1B0E6009E8485 /* RAC_FirstUITests.xctest */;
			productType = "com.apple.product-type.bundle.ui-testing";
		};
/* End PBXNativeTarget section */

/* Begin PBXProject section */
		BFCE001B1DC1B0E6009E8485 /* Project object */ = {
			isa = PBXProject;
			attributes = {
				CLASSPREFIX = JM;
				LastUpgradeCheck = 0730;
				ORGANIZATIONNAME = jimmy;
				TargetAttributes = {
					BFCE00221DC1B0E6009E8485 = {
						CreatedOnToolsVersion = 7.3.1;
					};
					BFCE003B1DC1B0E6009E8485 = {
						CreatedOnToolsVersion = 7.3.1;
						TestTargetID = BFCE00221DC1B0E6009E8485;
					};
					BFCE00461DC1B0E6009E8485 = {
						CreatedOnToolsVersion = 7.3.1;
						TestTargetID = BFCE00221DC1B0E6009E8485;
					};
				};
			};
			buildConfigurationList = BFCE001E1DC1B0E6009E8485 /* Build configuration list for PBXProject "RAC_First" */;
			compatibilityVersion = "Xcode 3.2";
			developmentRegion = English;
			hasScannedForEncodings = 0;
			knownRegions = (
				en,
				Base,
			);
			mainGroup = BFCE001A1DC1B0E6009E8485;
			productRefGroup = BFCE00241DC1B0E6009E8485 /* Products */;
			projectDirPath = "";
			projectRoot = "";
			targets = (
				BFCE00221DC1B0E6009E8485 /* RAC_First */,
				BFCE003B1DC1B0E6009E8485 /* RAC_FirstTests */,
				BFCE00461DC1B0E6009E8485 /* RAC_FirstUITests */,
			);
		};
/* End PBXProject section */

/* Begin PBXResourcesBuildPhase section */
		BFCE00211DC1B0E6009E8485 /* Resources */ = {
			isa = PBXResourcesBuildPhase;
			buildActionMask = 2147483647;
			files = (
				BFCE00361DC1B0E6009E8485 /* LaunchScreen.storyboard in Resources */,
				BFCE00331DC1B0E6009E8485 /* Assets.xcassets in Resources */,
				BFCE00311DC1B0E6009E8485 /* Main.storyboard in Resources */,
				BFCE00691DC1DE4B009E8485 /* Contact.plist in Resources */,
			);
			runOnlyForDeploymentPostprocessing = 0;
		};
		BFCE003A1DC1B0E6009E8485 /* Resources */ = {
			isa = PBXResourcesBuildPhase;
			buildActionMask = 2147483647;
			files = (
			);
			runOnlyForDeploymentPostprocessing = 0;
		};
		BFCE00451DC1B0E6009E8485 /* Resources */ = {
			isa = PBXResourcesBuildPhase;
			buildActionMask = 2147483647;
			files = (
			);
			runOnlyForDeploymentPostprocessing = 0;
		};
/* End PBXResourcesBuildPhase section */

/* Begin PBXShellScriptBuildPhase section */
		235B9726DDA65701C244A45E /* [CP] Copy Pods Resources */ = {
			isa = PBXShellScriptBuildPhase;
			buildActionMask = 2147483647;
			files = (
			);
			inputPaths = (
			);
			name = "[CP] Copy Pods Resources";
			outputPaths = (
			);
			runOnlyForDeploymentPostprocessing = 0;
			shellPath = /bin/sh;
			shellScript = "\"${SRCROOT}/Pods/Target Support Files/Pods-RAC_First/Pods-RAC_First-resources.sh\"\n";
			showEnvVarsInLog = 0;
		};
		7A05A38A5FD231523BEAFBD6 /* [CP] Embed Pods Frameworks */ = {
			isa = PBXShellScriptBuildPhase;
			buildActionMask = 2147483647;
			files = (
			);
			inputPaths = (
			);
			name = "[CP] Embed Pods Frameworks";
			outputPaths = (
			);
			runOnlyForDeploymentPostprocessing = 0;
			shellPath = /bin/sh;
			shellScript = "\"${SRCROOT}/Pods/Target Support Files/Pods-RAC_First/Pods-RAC_First-frameworks.sh\"\n";
			showEnvVarsInLog = 0;
		};
		C24C95F21274A78319E5B94E /* [CP] Check Pods Manifest.lock */ = {
			isa = PBXShellScriptBuildPhase;
			buildActionMask = 2147483647;
			files = (
			);
			inputPaths = (
			);
			name = "[CP] Check Pods Manifest.lock";
			outputPaths = (
			);
			runOnlyForDeploymentPostprocessing = 0;
			shellPath = /bin/sh;
			shellScript = "diff \"${PODS_ROOT}/../Podfile.lock\" \"${PODS_ROOT}/Manifest.lock\" > /dev/null\nif [[ $? != 0 ]] ; then\n    cat << EOM\nerror: The sandbox is not in sync with the Podfile.lock. Run 'pod install' or update your CocoaPods installation.\nEOM\n    exit 1\nfi\n";
			showEnvVarsInLog = 0;
		};
/* End PBXShellScriptBuildPhase section */

/* Begin PBXSourcesBuildPhase section */
		BFCE001F1DC1B0E6009E8485 /* Sources */ = {
			isa = PBXSourcesBuildPhase;
			buildActionMask = 2147483647;
			files = (
				BFCE002E1DC1B0E6009E8485 /* ViewController.m in Sources */,
				BFCE00601DC1B4A0009E8485 /* JMCaculator.m in Sources */,
				BFCE00641DC1D365009E8485 /* JMSecondViewController.m in Sources */,
				BFCE00721DC1F8AD009E8485 /* JMRedView.m in Sources */,
				BFCE002B1DC1B0E6009E8485 /* AppDelegate.m in Sources */,
				BFCE00281DC1B0E6009E8485 /* main.m in Sources */,
				BFCE006E1DC1DFEE009E8485 /* JMContactModels.m in Sources */,
			);
			runOnlyForDeploymentPostprocessing = 0;
		};
		BFCE00381DC1B0E6009E8485 /* Sources */ = {
			isa = PBXSourcesBuildPhase;
			buildActionMask = 2147483647;
			files = (
				BFCE00411DC1B0E6009E8485 /* RAC_FirstTests.m in Sources */,
			);
			runOnlyForDeploymentPostprocessing = 0;
		};
		BFCE00431DC1B0E6009E8485 /* Sources */ = {
			isa = PBXSourcesBuildPhase;
			buildActionMask = 2147483647;
			files = (
				BFCE004C1DC1B0E6009E8485 /* RAC_FirstUITests.m in Sources */,
			);
			runOnlyForDeploymentPostprocessing = 0;
		};
/* End PBXSourcesBuildPhase section */

/* Begin PBXTargetDependency section */
		BFCE003E1DC1B0E6009E8485 /* PBXTargetDependency */ = {
			isa = PBXTargetDependency;
			target = BFCE00221DC1B0E6009E8485 /* RAC_First */;
			targetProxy = BFCE003D1DC1B0E6009E8485 /* PBXContainerItemProxy */;
		};
		BFCE00491DC1B0E6009E8485 /* PBXTargetDependency */ = {
			isa = PBXTargetDependency;
			target = BFCE00221DC1B0E6009E8485 /* RAC_First */;
			targetProxy = BFCE00481DC1B0E6009E8485 /* PBXContainerItemProxy */;
		};
/* End PBXTargetDependency section */

/* Begin PBXVariantGroup section */
		BFCE002F1DC1B0E6009E8485 /* Main.storyboard */ = {
			isa = PBXVariantGroup;
			children = (
				BFCE00301DC1B0E6009E8485 /* Base */,
			);
			name = Main.storyboard;
			sourceTree = "<group>";
		};
		BFCE00341DC1B0E6009E8485 /* LaunchScreen.storyboard */ = {
			isa = PBXVariantGroup;
			children = (
				BFCE00351DC1B0E6009E8485 /* Base */,
			);
			name = LaunchScreen.storyboard;
			sourceTree = "<group>";
		};
/* End PBXVariantGroup section */

/* Begin XCBuildConfiguration section */
		BFCE004E1DC1B0E6009E8485 /* Debug */ = {
			isa = XCBuildConfiguration;
			buildSettings = {
				ALWAYS_SEARCH_USER_PATHS = NO;
				CLANG_ANALYZER_NONNULL = YES;
				CLANG_CXX_LANGUAGE_STANDARD = "gnu++0x";
				CLANG_CXX_LIBRARY = "libc++";
				CLANG_ENABLE_MODULES = YES;
				CLANG_ENABLE_OBJC_ARC = YES;
				CLANG_WARN_BOOL_CONVERSION = YES;
				CLANG_WARN_CONSTANT_CONVERSION = YES;
				CLANG_WARN_DIRECT_OBJC_ISA_USAGE = YES_ERROR;
				CLANG_WARN_EMPTY_BODY = YES;
				CLANG_WARN_ENUM_CONVERSION = YES;
				CLANG_WARN_INT_CONVERSION = YES;
				CLANG_WARN_OBJC_ROOT_CLASS = YES_ERROR;
				CLANG_WARN_UNREACHABLE_CODE = YES;
				CLANG_WARN__DUPLICATE_METHOD_MATCH = YES;
				"CODE_SIGN_IDENTITY[sdk=iphoneos*]" = "iPhone Developer";
				COPY_PHASE_STRIP = NO;
				DEBUG_INFORMATION_FORMAT = dwarf;
				ENABLE_STRICT_OBJC_MSGSEND = YES;
				ENABLE_TESTABILITY = YES;
				GCC_C_LANGUAGE_STANDARD = gnu99;
				GCC_DYNAMIC_NO_PIC = NO;
				GCC_NO_COMMON_BLOCKS = YES;
				GCC_OPTIMIZATION_LEVEL = 0;
				GCC_PREPROCESSOR_DEFINITIONS = (
					"DEBUG=1",
					"$(inherited)",
				);
				GCC_WARN_64_TO_32_BIT_CONVERSION = YES;
				GCC_WARN_ABOUT_RETURN_TYPE = YES_ERROR;
				GCC_WARN_UNDECLARED_SELECTOR = YES;
				GCC_WARN_UNINITIALIZED_AUTOS = YES_AGGRESSIVE;
				GCC_WARN_UNUSED_FUNCTION = YES;
				GCC_WARN_UNUSED_VARIABLE = YES;
				IPHONEOS_DEPLOYMENT_TARGET = 9.3;
				MTL_ENABLE_DEBUG_INFO = YES;
				ONLY_ACTIVE_ARCH = YES;
				SDKROOT = iphoneos;
				TARGETED_DEVICE_FAMILY = "1,2";
			};
			name = Debug;
		};
		BFCE004F1DC1B0E6009E8485 /* Release */ = {
			isa = XCBuildConfiguration;
			buildSettings = {
				ALWAYS_SEARCH_USER_PATHS = NO;
				CLANG_ANALYZER_NONNULL = YES;
				CLANG_CXX_LANGUAGE_STANDARD = "gnu++0x";
				CLANG_CXX_LIBRARY = "libc++";
				CLANG_ENABLE_MODULES = YES;
				CLANG_ENABLE_OBJC_ARC = YES;
				CLANG_WARN_BOOL_CONVERSION = YES;
				CLANG_WARN_CONSTANT_CONVERSION = YES;
				CLANG_WARN_DIRECT_OBJC_ISA_USAGE = YES_ERROR;
				CLANG_WARN_EMPTY_BODY = YES;
				CLANG_WARN_ENUM_CONVERSION = YES;
				CLANG_WARN_INT_CONVERSION = YES;
				CLANG_WARN_OBJC_ROOT_CLASS = YES_ERROR;
				CLANG_WARN_UNREACHABLE_CODE = YES;
				CLANG_WARN__DUPLICATE_METHOD_MATCH = YES;
				"CODE_SIGN_IDENTITY[sdk=iphoneos*]" = "iPhone Developer";
				COPY_PHASE_STRIP = NO;
				DEBUG_INFORMATION_FORMAT = "dwarf-with-dsym";
				ENABLE_NS_ASSERTIONS = NO;
				ENABLE_STRICT_OBJC_MSGSEND = YES;
				GCC_C_LANGUAGE_STANDARD = gnu99;
				GCC_NO_COMMON_BLOCKS = YES;
				GCC_WARN_64_TO_32_BIT_CONVERSION = YES;
				GCC_WARN_ABOUT_RETURN_TYPE = YES_ERROR;
				GCC_WARN_UNDECLARED_SELECTOR = YES;
				GCC_WARN_UNINITIALIZED_AUTOS = YES_AGGRESSIVE;
				GCC_WARN_UNUSED_FUNCTION = YES;
				GCC_WARN_UNUSED_VARIABLE = YES;
				IPHONEOS_DEPLOYMENT_TARGET = 9.3;
				MTL_ENABLE_DEBUG_INFO = NO;
				SDKROOT = iphoneos;
				TARGETED_DEVICE_FAMILY = "1,2";
				VALIDATE_PRODUCT = YES;
			};
			name = Release;
		};
		BFCE00511DC1B0E6009E8485 /* Debug */ = {
			isa = XCBuildConfiguration;
			baseConfigurationReference = 343D55891F34D21487EE0F22 /* Pods-RAC_First.debug.xcconfig */;
			buildSettings = {
				ASSETCATALOG_COMPILER_APPICON_NAME = AppIcon;
				GCC_PREFIX_HEADER = RAC_First/PrefixHeader.pch;
				INFOPLIST_FILE = RAC_First/Info.plist;
				LD_RUNPATH_SEARCH_PATHS = "$(inherited) @executable_path/Frameworks";
				PRODUCT_BUNDLE_IDENTIFIER = "com.fnou123.RAC-First";
				PRODUCT_NAME = "$(TARGET_NAME)";
			};
			name = Debug;
		};
		BFCE00521DC1B0E6009E8485 /* Release */ = {
			isa = XCBuildConfiguration;
			baseConfigurationReference = 1D61FA8CC79211AD56B768D2 /* Pods-RAC_First.release.xcconfig */;
			buildSettings = {
				ASSETCATALOG_COMPILER_APPICON_NAME = AppIcon;
				GCC_PREFIX_HEADER = RAC_First/PrefixHeader.pch;
				INFOPLIST_FILE = RAC_First/Info.plist;
				LD_RUNPATH_SEARCH_PATHS = "$(inherited) @executable_path/Frameworks";
				PRODUCT_BUNDLE_IDENTIFIER = "com.fnou123.RAC-First";
				PRODUCT_NAME = "$(TARGET_NAME)";
			};
			name = Release;
		};
		BFCE00541DC1B0E6009E8485 /* Debug */ = {
			isa = XCBuildConfiguration;
			buildSettings = {
				BUNDLE_LOADER = "$(TEST_HOST)";
				INFOPLIST_FILE = RAC_FirstTests/Info.plist;
				LD_RUNPATH_SEARCH_PATHS = "$(inherited) @executable_path/Frameworks @loader_path/Frameworks";
				PRODUCT_BUNDLE_IDENTIFIER = "com.fnou123.RAC-FirstTests";
				PRODUCT_NAME = "$(TARGET_NAME)";
				TEST_HOST = "$(BUILT_PRODUCTS_DIR)/RAC_First.app/RAC_First";
			};
			name = Debug;
		};
		BFCE00551DC1B0E6009E8485 /* Release */ = {
			isa = XCBuildConfiguration;
			buildSettings = {
				BUNDLE_LOADER = "$(TEST_HOST)";
				INFOPLIST_FILE = RAC_FirstTests/Info.plist;
				LD_RUNPATH_SEARCH_PATHS = "$(inherited) @executable_path/Frameworks @loader_path/Frameworks";
				PRODUCT_BUNDLE_IDENTIFIER = "com.fnou123.RAC-FirstTests";
				PRODUCT_NAME = "$(TARGET_NAME)";
				TEST_HOST = "$(BUILT_PRODUCTS_DIR)/RAC_First.app/RAC_First";
			};
			name = Release;
		};
		BFCE00571DC1B0E6009E8485 /* Debug */ = {
			isa = XCBuildConfiguration;
			buildSettings = {
				INFOPLIST_FILE = RAC_FirstUITests/Info.plist;
				LD_RUNPATH_SEARCH_PATHS = "$(inherited) @executable_path/Frameworks @loader_path/Frameworks";
				PRODUCT_BUNDLE_IDENTIFIER = "com.fnou123.RAC-FirstUITests";
				PRODUCT_NAME = "$(TARGET_NAME)";
				TEST_TARGET_NAME = RAC_First;
			};
			name = Debug;
		};
		BFCE00581DC1B0E6009E8485 /* Release */ = {
			isa = XCBuildConfiguration;
			buildSettings = {
				INFOPLIST_FILE = RAC_FirstUITests/Info.plist;
				LD_RUNPATH_SEARCH_PATHS = "$(inherited) @executable_path/Frameworks @loader_path/Frameworks";
				PRODUCT_BUNDLE_IDENTIFIER = "com.fnou123.RAC-FirstUITests";
				PRODUCT_NAME = "$(TARGET_NAME)";
				TEST_TARGET_NAME = RAC_First;
			};
			name = Release;
		};
/* End XCBuildConfiguration section */

/* Begin XCConfigurationList section */
		BFCE001E1DC1B0E6009E8485 /* Build configuration list for PBXProject "RAC_First" */ = {
			isa = XCConfigurationList;
			buildConfigurations = (
				BFCE004E1DC1B0E6009E8485 /* Debug */,
				BFCE004F1DC1B0E6009E8485 /* Release */,
			);
			defaultConfigurationIsVisible = 0;
			defaultConfigurationName = Release;
		};
		BFCE00501DC1B0E6009E8485 /* Build configuration list for PBXNativeTarget "RAC_First" */ = {
			isa = XCConfigurationList;
			buildConfigurations = (
				BFCE00511DC1B0E6009E8485 /* Debug */,
				BFCE00521DC1B0E6009E8485 /* Release */,
			);
			defaultConfigurationIsVisible = 0;
			defaultConfigurationName = Release;
		};
		BFCE00531DC1B0E6009E8485 /* Build configuration list for PBXNativeTarget "RAC_FirstTests" */ = {
			isa = XCConfigurationList;
			buildConfigurations = (
				BFCE00541DC1B0E6009E8485 /* Debug */,
				BFCE00551DC1B0E6009E8485 /* Release */,
			);
			defaultConfigurationIsVisible = 0;
			defaultConfigurationName = Release;
		};
		BFCE00561DC1B0E6009E8485 /* Build configuration list for PBXNativeTarget "RAC_FirstUITests" */ = {
			isa = XCConfigurationList;
			buildConfigurations = (
				BFCE00571DC1B0E6009E8485 /* Debug */,
				BFCE00581DC1B0E6009E8485 /* Release */,
			);
			defaultConfigurationIsVisible = 0;
			defaultConfigurationName = Release;
		};
/* End XCConfigurationList section */
	};
	rootObject = BFCE001B1DC1B0E6009E8485 /* Project object */;
}
